// !$*UTF8*$!
{
	archiveVersion = 1;
	classes = {
	};
	objectVersion = 46;
	objects = {

/* Begin PBXFileReference section */
		79B7A42614A8F514005738E2 /* app */ = {isa = PBXFileReference; lastKnownFileType = folder; name = app; path = ../app; sourceTree = "<group>"; };
		79B7A42714A8F514005738E2 /* config */ = {isa = PBXFileReference; lastKnownFileType = folder; name = config; path = ../config; sourceTree = "<group>"; };
		79B7A42814A8F514005738E2 /* config.ru */ = {isa = PBXFileReference; lastKnownFileType = text; name = config.ru; path = ../config.ru; sourceTree = "<group>"; };
		79B7A42914A8F514005738E2 /* db */ = {isa = PBXFileReference; lastKnownFileType = folder; name = db; path = ../db; sourceTree = "<group>"; };
		79B7A42A14A8F514005738E2 /* doc */ = {isa = PBXFileReference; lastKnownFileType = folder; name = doc; path = ../doc; sourceTree = "<group>"; };
		79B7A42B14A8F514005738E2 /* Gemfile */ = {isa = PBXFileReference; lastKnownFileType = text; name = Gemfile; path = ../Gemfile; sourceTree = "<group>"; };
		79B7A42C14A8F514005738E2 /* Gemfile.lock */ = {isa = PBXFileReference; lastKnownFileType = text; name = Gemfile.lock; path = ../Gemfile.lock; sourceTree = "<group>"; };
		79B7A42D14A8F514005738E2 /* lib */ = {isa = PBXFileReference; lastKnownFileType = folder; name = lib; path = ../lib; sourceTree = "<group>"; };
		79B7A42E14A8F514005738E2 /* log */ = {isa = PBXFileReference; lastKnownFileType = folder; name = log; path = ../log; sourceTree = "<group>"; };
		79B7A42F14A8F514005738E2 /* public */ = {isa = PBXFileReference; lastKnownFileType = folder; name = public; path = ../public; sourceTree = "<group>"; };
		79B7A43014A8F514005738E2 /* Rakefile */ = {isa = PBXFileReference; lastKnownFileType = text; name = Rakefile; path = ../Rakefile; sourceTree = "<group>"; };
		79B7A43114A8F514005738E2 /* README */ = {isa = PBXFileReference; lastKnownFileType = text; name = README; path = ../README; sourceTree = "<group>"; };
		79B7A43214A8F514005738E2 /* README.txt */ = {isa = PBXFileReference; lastKnownFileType = text; name = README.txt; path = ../README.txt; sourceTree = "<group>"; };
		79B7A43314A8F514005738E2 /* script */ = {isa = PBXFileReference; lastKnownFileType = folder; name = script; path = ../script; sourceTree = "<group>"; };
		79B7A43414A8F514005738E2 /* spec */ = {isa = PBXFileReference; lastKnownFileType = folder; name = spec; path = ../spec; sourceTree = "<group>"; };
		79B7A43514A8F514005738E2 /* swypPair */ = {isa = PBXFileReference; lastKnownFileType = folder; name = swypPair; sourceTree = "<group>"; };
		79B7A43614A8F514005738E2 /* test */ = {isa = PBXFileReference; lastKnownFileType = folder; name = test; path = ../test; sourceTree = "<group>"; };
		79B7A43714A8F514005738E2 /* vendor */ = {isa = PBXFileReference; lastKnownFileType = folder; name = vendor; path = ../vendor; sourceTree = "<group>"; };
/* End PBXFileReference section */

/* Begin PBXGroup section */
		79B7A39014A66FDF005738E2 = {
			isa = PBXGroup;
			children = (
				79B7A42614A8F514005738E2 /* app */,
				79B7A42714A8F514005738E2 /* config */,
				79B7A42814A8F514005738E2 /* config.ru */,
				79B7A42914A8F514005738E2 /* db */,
				79B7A42A14A8F514005738E2 /* doc */,
				79B7A42B14A8F514005738E2 /* Gemfile */,
				79B7A42C14A8F514005738E2 /* Gemfile.lock */,
				79B7A42D14A8F514005738E2 /* lib */,
				79B7A42E14A8F514005738E2 /* log */,
				79B7A42F14A8F514005738E2 /* public */,
				79B7A43014A8F514005738E2 /* Rakefile */,
				79B7A43114A8F514005738E2 /* README */,
				79B7A43214A8F514005738E2 /* README.txt */,
				79B7A43314A8F514005738E2 /* script */,
				79B7A43414A8F514005738E2 /* spec */,
				79B7A43514A8F514005738E2 /* swypPair */,
				79B7A43614A8F514005738E2 /* test */,
				79B7A43714A8F514005738E2 /* vendor */,
			);
			sourceTree = "<group>";
		};
/* End PBXGroup section */

/* Begin PBXLegacyTarget section */
		79B7A43D14AA17FE005738E2 /* swypPair */ = {
			isa = PBXLegacyTarget;
			buildArgumentsString = "";
			buildConfigurationList = 79B7A43E14AA17FE005738E2 /* Build configuration list for PBXLegacyTarget "swypPair" */;
			buildPhases = (
			);
			buildToolPath = ./script/runOnHeroku.sh;
			buildWorkingDirectory = ..;
			dependencies = (
			);
			name = swypPair;
			passBuildSettingsInEnvironment = 0;
			productName = swypPair;
		};
/* End PBXLegacyTarget section */

/* Begin PBXProject section */
		79B7A39214A66FDF005738E2 /* Project object */ = {
			isa = PBXProject;
			attributes = {
				LastUpgradeCheck = 0420;
				ORGANIZATIONNAME = ExoMachina;
			};
			buildConfigurationList = 79B7A39514A66FDF005738E2 /* Build configuration list for PBXProject "swypPair" */;
			compatibilityVersion = "Xcode 3.2";
			developmentRegion = English;
			hasScannedForEncodings = 0;
			knownRegions = (
				en,
			);
			mainGroup = 79B7A39014A66FDF005738E2;
			projectDirPath = "";
			projectRoot = "";
			targets = (
				79B7A43D14AA17FE005738E2 /* swypPair */,
			);
		};
/* End PBXProject section */

/* Begin XCBuildConfiguration section */
		79B7A39714A66FDF005738E2 /* Debug */ = {
			isa = XCBuildConfiguration;
			buildSettings = {
			};
			name = Debug;
		};
		79B7A39814A66FDF005738E2 /* Release */ = {
			isa = XCBuildConfiguration;
			buildSettings = {
			};
			name = Release;
		};
		79B7A43F14AA17FE005738E2 /* Debug */ = {
			isa = XCBuildConfiguration;
			buildSettings = {
				ALWAYS_SEARCH_USER_PATHS = NO;
				ARCHS = "$(ARCHS_STANDARD_64_BIT)";
				COPY_PHASE_STRIP = NO;
				DEBUGGING_SYMBOLS = YES;
				GCC_C_LANGUAGE_STANDARD = gnu99;
				GCC_DYNAMIC_NO_PIC = NO;
				GCC_ENABLE_OBJC_EXCEPTIONS = YES;
				GCC_GENERATE_DEBUGGING_SYMBOLS = YES;
				GCC_OPTIMIZATION_LEVEL = 0;
				GCC_PREPROCESSOR_DEFINITIONS = (
					"DEBUG=1",
					"$(inherited)",
				);
				GCC_SYMBOLS_PRIVATE_EXTERN = NO;
				GCC_VERSION = com.apple.compilers.llvm.clang.1_0;
				GCC_WARN_64_TO_32_BIT_CONVERSION = YES;
				GCC_WARN_ABOUT_MISSING_PROTOTYPES = YES;
				GCC_WARN_ABOUT_RETURN_TYPE = YES;
				GCC_WARN_UNUSED_VARIABLE = YES;
				MACOSX_DEPLOYMENT_TARGET = 10.7;
				ONLY_ACTIVE_ARCH = YES;
				OTHER_CFLAGS = "";
				OTHER_LDFLAGS = "";
				PRODUCT_NAME = "$(TARGET_NAME)";
				SDKROOT = macosx;
			};
			name = Debug;
		};
		79B7A44014AA17FE005738E2 /* Release */ = {
			isa = XCBuildConfiguration;
			buildSettings = {
				ALWAYS_SEARCH_USER_PATHS = NO;
				ARCHS = "$(ARCHS_STANDARD_64_BIT)";
				COPY_PHASE_STRIP = YES;
				DEBUG_INFORMATION_FORMAT = "dwarf-with-dsym";
				GCC_C_LANGUAGE_STANDARD = gnu99;
				GCC_ENABLE_OBJC_EXCEPTIONS = YES;
				GCC_VERSION = com.apple.compilers.llvm.clang.1_0;
				GCC_WARN_64_TO_32_BIT_CONVERSION = YES;
				GCC_WARN_ABOUT_MISSING_PROTOTYPES = YES;
				GCC_WARN_ABOUT_RETURN_TYPE = YES;
				GCC_WARN_UNUSED_VARIABLE = YES;
				MACOSX_DEPLOYMENT_TARGET = 10.7;
				OTHER_CFLAGS = "";
				OTHER_LDFLAGS = "";
				PRODUCT_NAME = "$(TARGET_NAME)";
				SDKROOT = macosx;
			};
			name = Release;
		};
/* End XCBuildConfiguration section */

/* Begin XCConfigurationList section */
		79B7A39514A66FDF005738E2 /* Build configuration list for PBXProject "swypPair" */ = {
			isa = XCConfigurationList;
			buildConfigurations = (
				79B7A39714A66FDF005738E2 /* Debug */,
				79B7A39814A66FDF005738E2 /* Release */,
			);
			defaultConfigurationIsVisible = 0;
			defaultConfigurationName = Release;
		};
		79B7A43E14AA17FE005738E2 /* Build configuration list for PBXLegacyTarget "swypPair" */ = {
			isa = XCConfigurationList;
			buildConfigurations = (
				79B7A43F14AA17FE005738E2 /* Debug */,
				79B7A44014AA17FE005738E2 /* Release */,
			);
			defaultConfigurationIsVisible = 0;
		};
/* End XCConfigurationList section */
	};
	rootObject = 79B7A39214A66FDF005738E2 /* Project object */;
}
